
Microsoft Visual Studio Solution File, Format Version 12.00
# Visual Studio Version 16
VisualStudioVersion = 16.0.30225.117
MinimumVisualStudioVersion = 10.0.40219.1
Project("{FAE04EC0-301F-11D3-BF4B-00C04F79EFBC}") = "ExceptionsAndErrorHandling", "ExceptionsAndErrorHandling\ExceptionsAndErrorHandling.csproj", "{FEF8A576-469A-482E-99F0-0308325CBA19}"
EndProject
Global
	GlobalSection(SolutionConfigurationPlatforms) = preSolution
		Debug|Any CPU = Debug|Any CPU
		Release|Any CPU = Release|Any CPU
	EndGlobalSection
	GlobalSection(ProjectConfigurationPlatforms) = postSolution
		{FEF8A576-469A-482E-99F0-0308325CBA19}.Debug|Any CPU.ActiveCfg = Debug|Any CPU
		{FEF8A576-469A-482E-99F0-0308325CBA19}.Debug|Any CPU.Build.0 = Debug|Any CPU
		{FEF8A576-469A-482E-99F0-0308325CBA19}.Release|Any CPU.ActiveCfg = Release|Any CPU
		{FEF8A576-469A-482E-99F0-0308325CBA19}.Release|Any CPU.Build.0 = Release|Any CPU
	EndGlobalSection
	GlobalSection(SolutionProperties) = preSolution
		HideSolutionNode = FALSE
	EndGlobalSection
	GlobalSection(ExtensibilityGlobals) = postSolution
		SolutionGuid = {399BE3D2-DCF1-4E3D-9876-591EBD09E6FD}
	EndGlobalSection
EndGlobal
